
Microsoft Visual Studio Solution File, Format Version 12.00
# Visual Studio 15
VisualStudioVersion = 15.0.26124.0
MinimumVisualStudioVersion = 15.0.26124.0
Project("{FAE04EC0-301F-11D3-BF4B-00C04F79EFBC}") = "FaissMask", "FaissMask\FaissMask.csproj", "{B3C0EDA5-8A03-4BBE-9D97-26FFBBD693B2}"
EndProject
Project("{FAE04EC0-301F-11D3-BF4B-00C04F79EFBC}") = "FaissMask.Test", "FaissMask.Test\FaissMask.Test.csproj", "{9C184C2C-8271-410C-B794-90101A8AA777}"
EndProject
Project("{2150E333-8FDC-42A3-9474-1A3956D46DE8}") = "docs", "docs", "{FEBB7FA4-6ACB-4971-ABC5-CDE1C8A8C1BE}"
ProjectSection(SolutionItems) = preProject
	README.md = README.md
EndProjectSection
EndProject
Project("{2150E333-8FDC-42A3-9474-1A3956D46DE8}") = "ci", "ci", "{8C084CC9-14FA-4DE6-945B-1C1A245BF44F}"
ProjectSection(SolutionItems) = preProject
	.gitlab-ci.yml = .gitlab-ci.yml
EndProjectSection
EndProject
Project("{2150E333-8FDC-42A3-9474-1A3956D46DE8}") = "devenv", "devenv", "{56AE66F3-DC77-40D0-9452-C8E4FDA638EA}"
ProjectSection(SolutionItems) = preProject
	Dockerfile = Dockerfile
	build-faiss-macos.sh = build-faiss-macos.sh
	build-faiss-linux.sh = build-faiss-linux.sh
	.dockerignore = .dockerignore
	docker-compose.yml = docker-compose.yml
EndProjectSection
EndProject
Global
	GlobalSection(SolutionConfigurationPlatforms) = preSolution
		Debug|Any CPU = Debug|Any CPU
		Debug|x64 = Debug|x64
		Debug|x86 = Debug|x86
		Release|Any CPU = Release|Any CPU
		Release|x64 = Release|x64
		Release|x86 = Release|x86
	EndGlobalSection
	GlobalSection(SolutionProperties) = preSolution
		HideSolutionNode = FALSE
	EndGlobalSection
	GlobalSection(ProjectConfigurationPlatforms) = postSolution
		{B3C0EDA5-8A03-4BBE-9D97-26FFBBD693B2}.Debug|Any CPU.ActiveCfg = Debug|Any CPU
		{B3C0EDA5-8A03-4BBE-9D97-26FFBBD693B2}.Debug|Any CPU.Build.0 = Debug|Any CPU
		{B3C0EDA5-8A03-4BBE-9D97-26FFBBD693B2}.Debug|x64.ActiveCfg = Debug|Any CPU
		{B3C0EDA5-8A03-4BBE-9D97-26FFBBD693B2}.Debug|x64.Build.0 = Debug|Any CPU
		{B3C0EDA5-8A03-4BBE-9D97-26FFBBD693B2}.Debug|x86.ActiveCfg = Debug|Any CPU
		{B3C0EDA5-8A03-4BBE-9D97-26FFBBD693B2}.Debug|x86.Build.0 = Debug|Any CPU
		{B3C0EDA5-8A03-4BBE-9D97-26FFBBD693B2}.Release|Any CPU.ActiveCfg = Release|Any CPU
		{B3C0EDA5-8A03-4BBE-9D97-26FFBBD693B2}.Release|Any CPU.Build.0 = Release|Any CPU
		{B3C0EDA5-8A03-4BBE-9D97-26FFBBD693B2}.Release|x64.ActiveCfg = Release|Any CPU
		{B3C0EDA5-8A03-4BBE-9D97-26FFBBD693B2}.Release|x64.Build.0 = Release|Any CPU
		{B3C0EDA5-8A03-4BBE-9D97-26FFBBD693B2}.Release|x86.ActiveCfg = Release|Any CPU
		{B3C0EDA5-8A03-4BBE-9D97-26FFBBD693B2}.Release|x86.Build.0 = Release|Any CPU
		{9C184C2C-8271-410C-B794-90101A8AA777}.Debug|Any CPU.ActiveCfg = Debug|Any CPU
		{9C184C2C-8271-410C-B794-90101A8AA777}.Debug|Any CPU.Build.0 = Debug|Any CPU
		{9C184C2C-8271-410C-B794-90101A8AA777}.Debug|x64.ActiveCfg = Debug|Any CPU
		{9C184C2C-8271-410C-B794-90101A8AA777}.Debug|x64.Build.0 = Debug|Any CPU
		{9C184C2C-8271-410C-B794-90101A8AA777}.Debug|x86.ActiveCfg = Debug|Any CPU
		{9C184C2C-8271-410C-B794-90101A8AA777}.Debug|x86.Build.0 = Debug|Any CPU
		{9C184C2C-8271-410C-B794-90101A8AA777}.Release|Any CPU.ActiveCfg = Release|Any CPU
		{9C184C2C-8271-410C-B794-90101A8AA777}.Release|Any CPU.Build.0 = Release|Any CPU
		{9C184C2C-8271-410C-B794-90101A8AA777}.Release|x64.ActiveCfg = Release|Any CPU
		{9C184C2C-8271-410C-B794-90101A8AA777}.Release|x64.Build.0 = Release|Any CPU
		{9C184C2C-8271-410C-B794-90101A8AA777}.Release|x86.ActiveCfg = Release|Any CPU
		{9C184C2C-8271-410C-B794-90101A8AA777}.Release|x86.Build.0 = Release|Any CPU
	EndGlobalSection
EndGlobal
